
Microsoft Visual Studio Solution File, Format Version 12.00
# Visual Studio 15
VisualStudioVersion = 15.0.28010.2050
MinimumVisualStudioVersion = 10.0.40219.1
Project("{FAE04EC0-301F-11D3-BF4B-00C04F79EFBC}") = "PortfolioProject", "PortfolioProject\PortfolioProject.csproj", "{0AD521CB-C8BB-41DC-AC55-E68C39DD881E}"
EndProject
Global
	GlobalSection(SolutionConfigurationPlatforms) = preSolution
		Debug|Any CPU = Debug|Any CPU
		Release|Any CPU = Release|Any CPU
	EndGlobalSection
	GlobalSection(ProjectConfigurationPlatforms) = postSolution
		{0AD521CB-C8BB-41DC-AC55-E68C39DD881E}.Debug|Any CPU.ActiveCfg = Debug|Any CPU
		{0AD521CB-C8BB-41DC-AC55-E68C39DD881E}.Debug|Any CPU.Build.0 = Debug|Any CPU
		{0AD521CB-C8BB-41DC-AC55-E68C39DD881E}.Release|Any CPU.ActiveCfg = Release|Any CPU
		{0AD521CB-C8BB-41DC-AC55-E68C39DD881E}.Release|Any CPU.Build.0 = Release|Any CPU
	EndGlobalSection
	GlobalSection(SolutionProperties) = preSolution
		HideSolutionNode = FALSE
	EndGlobalSection
	GlobalSection(ExtensibilityGlobals) = postSolution
		SolutionGuid = {D0364BB3-680C-4AE5-9A1A-F7B5F7723FAE}
	EndGlobalSection
EndGlobal
